
Microsoft Visual Studio Solution File, Format Version 12.00
# Visual Studio Version 17
VisualStudioVersion = 17.1.32210.238
MinimumVisualStudioVersion = 10.0.40219.1
Project("{9A19103F-16F7-4668-BE54-9A1E7A4F7556}") = "FN.Framtal.UserControls", "FN.Framtal.UserControls\FN.Framtal.UserControls.csproj", "{4045F63B-E7AF-471E-B8EE-8D7431B72013}"
EndProject
Project("{9A19103F-16F7-4668-BE54-9A1E7A4F7556}") = "FN.Framtal.Database", "FN.Framtal.Database\FN.Framtal.Database.csproj", "{77716789-34EE-413A-B8DF-3B75041757BA}"
EndProject
Project("{9A19103F-16F7-4668-BE54-9A1E7A4F7556}") = "FN.Framtal.Presentation.2004", "FN.Framtal.Presentation.2004\FN.Framtal.Presentation.2004.csproj", "{2911DBB5-514D-41B9-AC1C-769469CDBC5B}"
EndProject
Project("{9A19103F-16F7-4668-BE54-9A1E7A4F7556}") = "FN.Framtal.Presentation.2005", "FN.Framtal.Presentation.2005\FN.Framtal.Presentation.2005.csproj", "{5AFEF305-D247-487E-B9EB-607AFA7C1AE5}"
EndProject
Project("{FAE04EC0-301F-11D3-BF4B-00C04F79EFBC}") = "FN.Framtal.Domain.2004", "FN.Framtal.Domain.2004\FN.Framtal.Domain.2004.csproj", "{8159DDB2-A373-4C60-BBF0-B6BCC077FEE8}"
EndProject
Global
	GlobalSection(SolutionConfigurationPlatforms) = preSolution
		Debug|Any CPU = Debug|Any CPU
		Release|Any CPU = Release|Any CPU
	EndGlobalSection
	GlobalSection(ProjectConfigurationPlatforms) = postSolution
		{4045F63B-E7AF-471E-B8EE-8D7431B72013}.Debug|Any CPU.ActiveCfg = Debug|Any CPU
		{4045F63B-E7AF-471E-B8EE-8D7431B72013}.Debug|Any CPU.Build.0 = Debug|Any CPU
		{4045F63B-E7AF-471E-B8EE-8D7431B72013}.Release|Any CPU.ActiveCfg = Release|Any CPU
		{4045F63B-E7AF-471E-B8EE-8D7431B72013}.Release|Any CPU.Build.0 = Release|Any CPU
		{77716789-34EE-413A-B8DF-3B75041757BA}.Debug|Any CPU.ActiveCfg = Debug|Any CPU
		{77716789-34EE-413A-B8DF-3B75041757BA}.Debug|Any CPU.Build.0 = Debug|Any CPU
		{77716789-34EE-413A-B8DF-3B75041757BA}.Release|Any CPU.ActiveCfg = Release|Any CPU
		{77716789-34EE-413A-B8DF-3B75041757BA}.Release|Any CPU.Build.0 = Release|Any CPU
		{2911DBB5-514D-41B9-AC1C-769469CDBC5B}.Debug|Any CPU.ActiveCfg = Debug|Any CPU
		{2911DBB5-514D-41B9-AC1C-769469CDBC5B}.Debug|Any CPU.Build.0 = Debug|Any CPU
		{2911DBB5-514D-41B9-AC1C-769469CDBC5B}.Release|Any CPU.ActiveCfg = Release|Any CPU
		{2911DBB5-514D-41B9-AC1C-769469CDBC5B}.Release|Any CPU.Build.0 = Release|Any CPU
		{5AFEF305-D247-487E-B9EB-607AFA7C1AE5}.Debug|Any CPU.ActiveCfg = Debug|Any CPU
		{5AFEF305-D247-487E-B9EB-607AFA7C1AE5}.Debug|Any CPU.Build.0 = Debug|Any CPU
		{5AFEF305-D247-487E-B9EB-607AFA7C1AE5}.Release|Any CPU.ActiveCfg = Release|Any CPU
		{5AFEF305-D247-487E-B9EB-607AFA7C1AE5}.Release|Any CPU.Build.0 = Release|Any CPU
		{8159DDB2-A373-4C60-BBF0-B6BCC077FEE8}.Debug|Any CPU.ActiveCfg = Debug|Any CPU
		{8159DDB2-A373-4C60-BBF0-B6BCC077FEE8}.Debug|Any CPU.Build.0 = Debug|Any CPU
		{8159DDB2-A373-4C60-BBF0-B6BCC077FEE8}.Release|Any CPU.ActiveCfg = Release|Any CPU
		{8159DDB2-A373-4C60-BBF0-B6BCC077FEE8}.Release|Any CPU.Build.0 = Release|Any CPU
	EndGlobalSection
	GlobalSection(SolutionProperties) = preSolution
		HideSolutionNode = FALSE
	EndGlobalSection
	GlobalSection(ExtensibilityGlobals) = postSolution
		SolutionGuid = {B9FCBDC6-D90B-415B-A204-A7A40ACBCFCF}
	EndGlobalSection
	GlobalSection(TeamFoundationVersionControl) = preSolution
		SccNumberOfProjects = 6
		SccEnterpriseProvider = {4CA58AB2-18FA-4F8D-95D4-32DDF27D184C}
		SccTeamFoundationServer = https://dev.azure.com/firmanet
		SccLocalPath0 = .
		SccProjectUniqueName1 = FN.Framtal.UserControls\\FN.Framtal.UserControls.csproj
		SccProjectName1 = FN.Framtal.UserControls
		SccLocalPath1 = FN.Framtal.UserControls
		SccProjectUniqueName2 = FN.Framtal.Database\\FN.Framtal.Database.csproj
		SccProjectName2 = FN.Framtal.Database
		SccLocalPath2 = FN.Framtal.Database
		SccProjectUniqueName3 = FN.Framtal.Presentation.2004\\FN.Framtal.Presentation.2004.csproj
		SccProjectName3 = FN.Framtal.Presentation.2004
		SccLocalPath3 = FN.Framtal.Presentation.2004
		SccProjectUniqueName4 = FN.Framtal.Presentation.2005\\FN.Framtal.Presentation.2005.csproj
		SccProjectName4 = FN.Framtal.Presentation.2005
		SccLocalPath4 = FN.Framtal.Presentation.2005
		SccProjectUniqueName5 = FN.Framtal.Domain.2004\\FN.Framtal.Domain.2004.csproj
		SccProjectName5 = FN.Framtal.Domain.2004
		SccLocalPath5 = FN.Framtal.Domain.2004
	EndGlobalSection
EndGlobal
